
Microsoft Visual Studio Solution File, Format Version 12.00
# Visual Studio Version 17
VisualStudioVersion = 17.14.36327.8 d17.14
MinimumVisualStudioVersion = 10.0.40219.1
Project("{FAE04EC0-301F-11D3-BF4B-00C04F79EFBC}") = "ST10434337_POE", "ST10434337_POE\ST10434337_POE.csproj", "{CEAD6D75-73B6-4093-9EBA-5C6DCD92F76D}"
EndProject
Global
	GlobalSection(SolutionConfigurationPlatforms) = preSolution
		Debug|Any CPU = Debug|Any CPU
		Release|Any CPU = Release|Any CPU
	EndGlobalSection
	GlobalSection(ProjectConfigurationPlatforms) = postSolution
		{CEAD6D75-73B6-4093-9EBA-5C6DCD92F76D}.Debug|Any CPU.ActiveCfg = Debug|Any CPU
		{CEAD6D75-73B6-4093-9EBA-5C6DCD92F76D}.Debug|Any CPU.Build.0 = Debug|Any CPU
		{CEAD6D75-73B6-4093-9EBA-5C6DCD92F76D}.Release|Any CPU.ActiveCfg = Release|Any CPU
		{CEAD6D75-73B6-4093-9EBA-5C6DCD92F76D}.Release|Any CPU.Build.0 = Release|Any CPU
	EndGlobalSection
	GlobalSection(SolutionProperties) = preSolution
		HideSolutionNode = FALSE
	EndGlobalSection
	GlobalSection(ExtensibilityGlobals) = postSolution
		SolutionGuid = {0738DA0B-93BB-40E4-AEDC-BBB3BFB3BFAD}
	EndGlobalSection
EndGlobal
